
Microsoft Visual Studio Solution File, Format Version 12.00
Project("{FAE04EC0-301F-11D3-BF4B-00C04F79EFBC}") = "GameSystem.Core", "GameSystem.Core\GameSystem.Core.csproj", "{3AC49172-18B4-4086-A5BC-489F563CDF2C}"
EndProject
Project("{FAE04EC0-301F-11D3-BF4B-00C04F79EFBC}") = "GameSystem.Utils", "GameSystem.Utils\GameSystem.Utils.csproj", "{50403812-1F30-4B34-AE57-587A2963577E}"
EndProject
Global
	GlobalSection(SolutionConfigurationPlatforms) = preSolution
		Debug|Any CPU = Debug|Any CPU
		Release|Any CPU = Release|Any CPU
	EndGlobalSection
	GlobalSection(ProjectConfigurationPlatforms) = postSolution
		{3AC49172-18B4-4086-A5BC-489F563CDF2C}.Debug|Any CPU.ActiveCfg = Debug|Any CPU
		{3AC49172-18B4-4086-A5BC-489F563CDF2C}.Debug|Any CPU.Build.0 = Debug|Any CPU
		{3AC49172-18B4-4086-A5BC-489F563CDF2C}.Release|Any CPU.ActiveCfg = Release|Any CPU
		{3AC49172-18B4-4086-A5BC-489F563CDF2C}.Release|Any CPU.Build.0 = Release|Any CPU
		{50403812-1F30-4B34-AE57-587A2963577E}.Debug|Any CPU.ActiveCfg = Debug|Any CPU
		{50403812-1F30-4B34-AE57-587A2963577E}.Debug|Any CPU.Build.0 = Debug|Any CPU
		{50403812-1F30-4B34-AE57-587A2963577E}.Release|Any CPU.ActiveCfg = Release|Any CPU
		{50403812-1F30-4B34-AE57-587A2963577E}.Release|Any CPU.Build.0 = Release|Any CPU
	EndGlobalSection
EndGlobal
